// !$*UTF8*$!
{
	archiveVersion = 1;
	classes = {
	};
	objectVersion = 56;
	objects = {

/* Begin PBXBuildFile section */
		2311949D2966D1E700A0E639 /* TechStoreApp.swift in Sources */ = {isa = PBXBuildFile; fileRef = 2311949C2966D1E700A0E639 /* TechStoreApp.swift */; };
		231194A12966D1EC00A0E639 /* Assets.xcassets in Resources */ = {isa = PBXBuildFile; fileRef = 231194A02966D1EC00A0E639 /* Assets.xcassets */; };
		231194A52966D1EC00A0E639 /* Preview Assets.xcassets in Resources */ = {isa = PBXBuildFile; fileRef = 231194A42966D1EC00A0E639 /* Preview Assets.xcassets */; };
		231194AF2966D1ED00A0E639 /* TechStoreTests.swift in Sources */ = {isa = PBXBuildFile; fileRef = 231194AE2966D1ED00A0E639 /* TechStoreTests.swift */; };
		231194B92966D1ED00A0E639 /* TechStoreUITests.swift in Sources */ = {isa = PBXBuildFile; fileRef = 231194B82966D1ED00A0E639 /* TechStoreUITests.swift */; };
		231194BB2966D1ED00A0E639 /* TechStoreUITestsLaunchTests.swift in Sources */ = {isa = PBXBuildFile; fileRef = 231194BA2966D1ED00A0E639 /* TechStoreUITestsLaunchTests.swift */; };
		231194CE2966D88B00A0E639 /* Domain in Frameworks */ = {isa = PBXBuildFile; productRef = 231194CD2966D88B00A0E639 /* Domain */; };
		231194D02966D88F00A0E639 /* Infrastructure in Frameworks */ = {isa = PBXBuildFile; productRef = 231194CF2966D88F00A0E639 /* Infrastructure */; };
		231194D22966D89300A0E639 /* Presentation in Frameworks */ = {isa = PBXBuildFile; productRef = 231194D12966D89300A0E639 /* Presentation */; };
		231194D52966DAAD00A0E639 /* ComposableArchitecture in Frameworks */ = {isa = PBXBuildFile; productRef = 231194D42966DAAD00A0E639 /* ComposableArchitecture */; };
		231194D72966DAAD00A0E639 /* Dependencies in Frameworks */ = {isa = PBXBuildFile; productRef = 231194D62966DAAD00A0E639 /* Dependencies */; };
		3E0B17C4296ACB190044249B /* Nuke in Frameworks */ = {isa = PBXBuildFile; productRef = 3E0B17C3296ACB190044249B /* Nuke */; };
/* End PBXBuildFile section */

/* Begin PBXContainerItemProxy section */
		231194AB2966D1ED00A0E639 /* PBXContainerItemProxy */ = {
			isa = PBXContainerItemProxy;
			containerPortal = 231194912966D1E700A0E639 /* Project object */;
			proxyType = 1;
			remoteGlobalIDString = 231194982966D1E700A0E639;
			remoteInfo = TechStore;
		};
		231194B52966D1ED00A0E639 /* PBXContainerItemProxy */ = {
			isa = PBXContainerItemProxy;
			containerPortal = 231194912966D1E700A0E639 /* Project object */;
			proxyType = 1;
			remoteGlobalIDString = 231194982966D1E700A0E639;
			remoteInfo = TechStore;
		};
/* End PBXContainerItemProxy section */

/* Begin PBXFileReference section */
		231194992966D1E700A0E639 /* TechStore.app */ = {isa = PBXFileReference; explicitFileType = wrapper.application; includeInIndex = 0; path = TechStore.app; sourceTree = BUILT_PRODUCTS_DIR; };
		2311949C2966D1E700A0E639 /* TechStoreApp.swift */ = {isa = PBXFileReference; lastKnownFileType = sourcecode.swift; path = TechStoreApp.swift; sourceTree = "<group>"; };
		231194A02966D1EC00A0E639 /* Assets.xcassets */ = {isa = PBXFileReference; lastKnownFileType = folder.assetcatalog; path = Assets.xcassets; sourceTree = "<group>"; };
		231194A22966D1EC00A0E639 /* TechStore.entitlements */ = {isa = PBXFileReference; lastKnownFileType = text.plist.entitlements; path = TechStore.entitlements; sourceTree = "<group>"; };
		231194A42966D1EC00A0E639 /* Preview Assets.xcassets */ = {isa = PBXFileReference; lastKnownFileType = folder.assetcatalog; path = "Preview Assets.xcassets"; sourceTree = "<group>"; };
		231194AA2966D1ED00A0E639 /* TechStoreTests.xctest */ = {isa = PBXFileReference; explicitFileType = wrapper.cfbundle; includeInIndex = 0; path = TechStoreTests.xctest; sourceTree = BUILT_PRODUCTS_DIR; };
		231194AE2966D1ED00A0E639 /* TechStoreTests.swift */ = {isa = PBXFileReference; lastKnownFileType = sourcecode.swift; path = TechStoreTests.swift; sourceTree = "<group>"; };
		231194B42966D1ED00A0E639 /* TechStoreUITests.xctest */ = {isa = PBXFileReference; explicitFileType = wrapper.cfbundle; includeInIndex = 0; path = TechStoreUITests.xctest; sourceTree = BUILT_PRODUCTS_DIR; };
		231194B82966D1ED00A0E639 /* TechStoreUITests.swift */ = {isa = PBXFileReference; lastKnownFileType = sourcecode.swift; path = TechStoreUITests.swift; sourceTree = "<group>"; };
		231194BA2966D1ED00A0E639 /* TechStoreUITestsLaunchTests.swift */ = {isa = PBXFileReference; lastKnownFileType = sourcecode.swift; path = TechStoreUITestsLaunchTests.swift; sourceTree = "<group>"; };
		231194C72966D40C00A0E639 /* TechStore */ = {isa = PBXFileReference; lastKnownFileType = wrapper; name = TechStore; path = ..; sourceTree = "<group>"; };
		231194CC2966D82500A0E639 /* Package.swift */ = {isa = PBXFileReference; lastKnownFileType = sourcecode.swift; name = Package.swift; path = ../Package.swift; sourceTree = "<group>"; };
/* End PBXFileReference section */

/* Begin PBXFrameworksBuildPhase section */
		231194962966D1E700A0E639 /* Frameworks */ = {
			isa = PBXFrameworksBuildPhase;
			buildActionMask = 2147483647;
			files = (
				231194D72966DAAD00A0E639 /* Dependencies in Frameworks */,
				231194D22966D89300A0E639 /* Presentation in Frameworks */,
				231194CE2966D88B00A0E639 /* Domain in Frameworks */,
				3E0B17C4296ACB190044249B /* Nuke in Frameworks */,
				231194D52966DAAD00A0E639 /* ComposableArchitecture in Frameworks */,
				231194D02966D88F00A0E639 /* Infrastructure in Frameworks */,
			);
			runOnlyForDeploymentPostprocessing = 0;
		};
		231194A72966D1ED00A0E639 /* Frameworks */ = {
			isa = PBXFrameworksBuildPhase;
			buildActionMask = 2147483647;
			files = (
			);
			runOnlyForDeploymentPostprocessing = 0;
		};
		231194B12966D1ED00A0E639 /* Frameworks */ = {
			isa = PBXFrameworksBuildPhase;
			buildActionMask = 2147483647;
			files = (
			);
			runOnlyForDeploymentPostprocessing = 0;
		};
/* End PBXFrameworksBuildPhase section */

/* Begin PBXGroup section */
		231194902966D1E700A0E639 = {
			isa = PBXGroup;
			children = (
				2311949B2966D1E700A0E639 /* TechStore */,
				231194C72966D40C00A0E639 /* TechStore */,
				231194AD2966D1ED00A0E639 /* TechStoreTests */,
				231194B72966D1ED00A0E639 /* TechStoreUITests */,
				2311949A2966D1E700A0E639 /* Products */,
				231194CB2966D7BA00A0E639 /* Frameworks */,
			);
			sourceTree = "<group>";
		};
		2311949A2966D1E700A0E639 /* Products */ = {
			isa = PBXGroup;
			children = (
				231194992966D1E700A0E639 /* TechStore.app */,
				231194AA2966D1ED00A0E639 /* TechStoreTests.xctest */,
				231194B42966D1ED00A0E639 /* TechStoreUITests.xctest */,
			);
			name = Products;
			sourceTree = "<group>";
		};
		2311949B2966D1E700A0E639 /* TechStore */ = {
			isa = PBXGroup;
			children = (
				2311949C2966D1E700A0E639 /* TechStoreApp.swift */,
				231194A02966D1EC00A0E639 /* Assets.xcassets */,
				231194A22966D1EC00A0E639 /* TechStore.entitlements */,
				231194A32966D1EC00A0E639 /* Preview Content */,
			);
			path = TechStore;
			sourceTree = "<group>";
		};
		231194A32966D1EC00A0E639 /* Preview Content */ = {
			isa = PBXGroup;
			children = (
				231194A42966D1EC00A0E639 /* Preview Assets.xcassets */,
			);
			path = "Preview Content";
			sourceTree = "<group>";
		};
		231194AD2966D1ED00A0E639 /* TechStoreTests */ = {
			isa = PBXGroup;
			children = (
				231194AE2966D1ED00A0E639 /* TechStoreTests.swift */,
			);
			path = TechStoreTests;
			sourceTree = "<group>";
		};
		231194B72966D1ED00A0E639 /* TechStoreUITests */ = {
			isa = PBXGroup;
			children = (
				231194B82966D1ED00A0E639 /* TechStoreUITests.swift */,
				231194BA2966D1ED00A0E639 /* TechStoreUITestsLaunchTests.swift */,
			);
			path = TechStoreUITests;
			sourceTree = "<group>";
		};
		231194CB2966D7BA00A0E639 /* Frameworks */ = {
			isa = PBXGroup;
			children = (
				231194CC2966D82500A0E639 /* Package.swift */,
			);
			name = Frameworks;
			sourceTree = "<group>";
		};
/* End PBXGroup section */

/* Begin PBXNativeTarget section */
		231194982966D1E700A0E639 /* TechStore */ = {
			isa = PBXNativeTarget;
			buildConfigurationList = 231194BE2966D1ED00A0E639 /* Build configuration list for PBXNativeTarget "TechStore" */;
			buildPhases = (
				231194952966D1E700A0E639 /* Sources */,
				231194962966D1E700A0E639 /* Frameworks */,
				231194972966D1E700A0E639 /* Resources */,
			);
			buildRules = (
			);
			dependencies = (
			);
			name = TechStore;
			packageProductDependencies = (
				231194CD2966D88B00A0E639 /* Domain */,
				231194CF2966D88F00A0E639 /* Infrastructure */,
				231194D12966D89300A0E639 /* Presentation */,
				231194D42966DAAD00A0E639 /* ComposableArchitecture */,
				231194D62966DAAD00A0E639 /* Dependencies */,
				3E0B17C3296ACB190044249B /* Nuke */,
			);
			productName = TechStore;
			productReference = 231194992966D1E700A0E639 /* TechStore.app */;
			productType = "com.apple.product-type.application";
		};
		231194A92966D1ED00A0E639 /* TechStoreTests */ = {
			isa = PBXNativeTarget;
			buildConfigurationList = 231194C12966D1ED00A0E639 /* Build configuration list for PBXNativeTarget "TechStoreTests" */;
			buildPhases = (
				231194A62966D1ED00A0E639 /* Sources */,
				231194A72966D1ED00A0E639 /* Frameworks */,
				231194A82966D1ED00A0E639 /* Resources */,
			);
			buildRules = (
			);
			dependencies = (
				231194AC2966D1ED00A0E639 /* PBXTargetDependency */,
			);
			name = TechStoreTests;
			productName = TechStoreTests;
			productReference = 231194AA2966D1ED00A0E639 /* TechStoreTests.xctest */;
			productType = "com.apple.product-type.bundle.unit-test";
		};
		231194B32966D1ED00A0E639 /* TechStoreUITests */ = {
			isa = PBXNativeTarget;
			buildConfigurationList = 231194C42966D1ED00A0E639 /* Build configuration list for PBXNativeTarget "TechStoreUITests" */;
			buildPhases = (
				231194B02966D1ED00A0E639 /* Sources */,
				231194B12966D1ED00A0E639 /* Frameworks */,
				231194B22966D1ED00A0E639 /* Resources */,
			);
			buildRules = (
			);
			dependencies = (
				231194B62966D1ED00A0E639 /* PBXTargetDependency */,
			);
			name = TechStoreUITests;
			productName = TechStoreUITests;
			productReference = 231194B42966D1ED00A0E639 /* TechStoreUITests.xctest */;
			productType = "com.apple.product-type.bundle.ui-testing";
		};
/* End PBXNativeTarget section */

/* Begin PBXProject section */
		231194912966D1E700A0E639 /* Project object */ = {
			isa = PBXProject;
			attributes = {
				BuildIndependentTargetsInParallel = 1;
				LastSwiftUpdateCheck = 1400;
				LastUpgradeCheck = 1400;
				TargetAttributes = {
					231194982966D1E700A0E639 = {
						CreatedOnToolsVersion = 14.0;
					};
					231194A92966D1ED00A0E639 = {
						CreatedOnToolsVersion = 14.0;
						TestTargetID = 231194982966D1E700A0E639;
					};
					231194B32966D1ED00A0E639 = {
						CreatedOnToolsVersion = 14.0;
						TestTargetID = 231194982966D1E700A0E639;
					};
				};
			};
			buildConfigurationList = 231194942966D1E700A0E639 /* Build configuration list for PBXProject "TechStore" */;
			compatibilityVersion = "Xcode 14.0";
			developmentRegion = en;
			hasScannedForEncodings = 0;
			knownRegions = (
				en,
				Base,
			);
			mainGroup = 231194902966D1E700A0E639;
			packageReferences = (
				231194D32966DAAD00A0E639 /* XCRemoteSwiftPackageReference "swift-composable-architecture" */,
				3E0B17C2296ACB180044249B /* XCRemoteSwiftPackageReference "Nuke" */,
			);
			productRefGroup = 2311949A2966D1E700A0E639 /* Products */;
			projectDirPath = "";
			projectRoot = "";
			targets = (
				231194982966D1E700A0E639 /* TechStore */,
				231194A92966D1ED00A0E639 /* TechStoreTests */,
				231194B32966D1ED00A0E639 /* TechStoreUITests */,
			);
		};
/* End PBXProject section */

/* Begin PBXResourcesBuildPhase section */
		231194972966D1E700A0E639 /* Resources */ = {
			isa = PBXResourcesBuildPhase;
			buildActionMask = 2147483647;
			files = (
				231194A52966D1EC00A0E639 /* Preview Assets.xcassets in Resources */,
				231194A12966D1EC00A0E639 /* Assets.xcassets in Resources */,
			);
			runOnlyForDeploymentPostprocessing = 0;
		};
		231194A82966D1ED00A0E639 /* Resources */ = {
			isa = PBXResourcesBuildPhase;
			buildActionMask = 2147483647;
			files = (
			);
			runOnlyForDeploymentPostprocessing = 0;
		};
		231194B22966D1ED00A0E639 /* Resources */ = {
			isa = PBXResourcesBuildPhase;
			buildActionMask = 2147483647;
			files = (
			);
			runOnlyForDeploymentPostprocessing = 0;
		};
/* End PBXResourcesBuildPhase section */

/* Begin PBXSourcesBuildPhase section */
		231194952966D1E700A0E639 /* Sources */ = {
			isa = PBXSourcesBuildPhase;
			buildActionMask = 2147483647;
			files = (
				2311949D2966D1E700A0E639 /* TechStoreApp.swift in Sources */,
			);
			runOnlyForDeploymentPostprocessing = 0;
		};
		231194A62966D1ED00A0E639 /* Sources */ = {
			isa = PBXSourcesBuildPhase;
			buildActionMask = 2147483647;
			files = (
				231194AF2966D1ED00A0E639 /* TechStoreTests.swift in Sources */,
			);
			runOnlyForDeploymentPostprocessing = 0;
		};
		231194B02966D1ED00A0E639 /* Sources */ = {
			isa = PBXSourcesBuildPhase;
			buildActionMask = 2147483647;
			files = (
				231194BB2966D1ED00A0E639 /* TechStoreUITestsLaunchTests.swift in Sources */,
				231194B92966D1ED00A0E639 /* TechStoreUITests.swift in Sources */,
			);
			runOnlyForDeploymentPostprocessing = 0;
		};
/* End PBXSourcesBuildPhase section */

/* Begin PBXTargetDependency section */
		231194AC2966D1ED00A0E639 /* PBXTargetDependency */ = {
			isa = PBXTargetDependency;
			target = 231194982966D1E700A0E639 /* TechStore */;
			targetProxy = 231194AB2966D1ED00A0E639 /* PBXContainerItemProxy */;
		};
		231194B62966D1ED00A0E639 /* PBXTargetDependency */ = {
			isa = PBXTargetDependency;
			target = 231194982966D1E700A0E639 /* TechStore */;
			targetProxy = 231194B52966D1ED00A0E639 /* PBXContainerItemProxy */;
		};
/* End PBXTargetDependency section */

/* Begin XCBuildConfiguration section */
		231194BC2966D1ED00A0E639 /* Debug */ = {
			isa = XCBuildConfiguration;
			buildSettings = {
				ALWAYS_SEARCH_USER_PATHS = NO;
				CLANG_ANALYZER_NONNULL = YES;
				CLANG_ANALYZER_NUMBER_OBJECT_CONVERSION = YES_AGGRESSIVE;
				CLANG_CXX_LANGUAGE_STANDARD = "gnu++20";
				CLANG_ENABLE_MODULES = YES;
				CLANG_ENABLE_OBJC_ARC = YES;
				CLANG_ENABLE_OBJC_WEAK = YES;
				CLANG_WARN_BLOCK_CAPTURE_AUTORELEASING = YES;
				CLANG_WARN_BOOL_CONVERSION = YES;
				CLANG_WARN_COMMA = YES;
				CLANG_WARN_CONSTANT_CONVERSION = YES;
				CLANG_WARN_DEPRECATED_OBJC_IMPLEMENTATIONS = YES;
				CLANG_WARN_DIRECT_OBJC_ISA_USAGE = YES_ERROR;
				CLANG_WARN_DOCUMENTATION_COMMENTS = YES;
				CLANG_WARN_EMPTY_BODY = YES;
				CLANG_WARN_ENUM_CONVERSION = YES;
				CLANG_WARN_INFINITE_RECURSION = YES;
				CLANG_WARN_INT_CONVERSION = YES;
				CLANG_WARN_NON_LITERAL_NULL_CONVERSION = YES;
				CLANG_WARN_OBJC_IMPLICIT_RETAIN_SELF = YES;
				CLANG_WARN_OBJC_LITERAL_CONVERSION = YES;
				CLANG_WARN_OBJC_ROOT_CLASS = YES_ERROR;
				CLANG_WARN_QUOTED_INCLUDE_IN_FRAMEWORK_HEADER = YES;
				CLANG_WARN_RANGE_LOOP_ANALYSIS = YES;
				CLANG_WARN_STRICT_PROTOTYPES = YES;
				CLANG_WARN_SUSPICIOUS_MOVE = YES;
				CLANG_WARN_UNGUARDED_AVAILABILITY = YES_AGGRESSIVE;
				CLANG_WARN_UNREACHABLE_CODE = YES;
				CLANG_WARN__DUPLICATE_METHOD_MATCH = YES;
				COPY_PHASE_STRIP = NO;
				DEBUG_INFORMATION_FORMAT = dwarf;
				ENABLE_STRICT_OBJC_MSGSEND = YES;
				ENABLE_TESTABILITY = YES;
				GCC_C_LANGUAGE_STANDARD = gnu11;
				GCC_DYNAMIC_NO_PIC = NO;
				GCC_NO_COMMON_BLOCKS = YES;
				GCC_OPTIMIZATION_LEVEL = 0;
				GCC_PREPROCESSOR_DEFINITIONS = (
					"DEBUG=1",
					"$(inherited)",
				);
				GCC_WARN_64_TO_32_BIT_CONVERSION = YES;
				GCC_WARN_ABOUT_RETURN_TYPE = YES_ERROR;
				GCC_WARN_UNDECLARED_SELECTOR = YES;
				GCC_WARN_UNINITIALIZED_AUTOS = YES_AGGRESSIVE;
				GCC_WARN_UNUSED_FUNCTION = YES;
				GCC_WARN_UNUSED_VARIABLE = YES;
				IPHONEOS_DEPLOYMENT_TARGET = 16.0;
				MTL_ENABLE_DEBUG_INFO = INCLUDE_SOURCE;
				MTL_FAST_MATH = YES;
				ONLY_ACTIVE_ARCH = YES;
				SWIFT_ACTIVE_COMPILATION_CONDITIONS = DEBUG;
				SWIFT_OPTIMIZATION_LEVEL = "-Onone";
			};
			name = Debug;
		};
		231194BD2966D1ED00A0E639 /* Release */ = {
			isa = XCBuildConfiguration;
			buildSettings = {
				ALWAYS_SEARCH_USER_PATHS = NO;
				CLANG_ANALYZER_NONNULL = YES;
				CLANG_ANALYZER_NUMBER_OBJECT_CONVERSION = YES_AGGRESSIVE;
				CLANG_CXX_LANGUAGE_STANDARD = "gnu++20";
				CLANG_ENABLE_MODULES = YES;
				CLANG_ENABLE_OBJC_ARC = YES;
				CLANG_ENABLE_OBJC_WEAK = YES;
				CLANG_WARN_BLOCK_CAPTURE_AUTORELEASING = YES;
				CLANG_WARN_BOOL_CONVERSION = YES;
				CLANG_WARN_COMMA = YES;
				CLANG_WARN_CONSTANT_CONVERSION = YES;
				CLANG_WARN_DEPRECATED_OBJC_IMPLEMENTATIONS = YES;
				CLANG_WARN_DIRECT_OBJC_ISA_USAGE = YES_ERROR;
				CLANG_WARN_DOCUMENTATION_COMMENTS = YES;
				CLANG_WARN_EMPTY_BODY = YES;
				CLANG_WARN_ENUM_CONVERSION = YES;
				CLANG_WARN_INFINITE_RECURSION = YES;
				CLANG_WARN_INT_CONVERSION = YES;
				CLANG_WARN_NON_LITERAL_NULL_CONVERSION = YES;
				CLANG_WARN_OBJC_IMPLICIT_RETAIN_SELF = YES;
				CLANG_WARN_OBJC_LITERAL_CONVERSION = YES;
				CLANG_WARN_OBJC_ROOT_CLASS = YES_ERROR;
				CLANG_WARN_QUOTED_INCLUDE_IN_FRAMEWORK_HEADER = YES;
				CLANG_WARN_RANGE_LOOP_ANALYSIS = YES;
				CLANG_WARN_STRICT_PROTOTYPES = YES;
				CLANG_WARN_SUSPICIOUS_MOVE = YES;
				CLANG_WARN_UNGUARDED_AVAILABILITY = YES_AGGRESSIVE;
				CLANG_WARN_UNREACHABLE_CODE = YES;
				CLANG_WARN__DUPLICATE_METHOD_MATCH = YES;
				COPY_PHASE_STRIP = NO;
				DEBUG_INFORMATION_FORMAT = "dwarf-with-dsym";
				ENABLE_NS_ASSERTIONS = NO;
				ENABLE_STRICT_OBJC_MSGSEND = YES;
				GCC_C_LANGUAGE_STANDARD = gnu11;
				GCC_NO_COMMON_BLOCKS = YES;
				GCC_WARN_64_TO_32_BIT_CONVERSION = YES;
				GCC_WARN_ABOUT_RETURN_TYPE = YES_ERROR;
				GCC_WARN_UNDECLARED_SELECTOR = YES;
				GCC_WARN_UNINITIALIZED_AUTOS = YES_AGGRESSIVE;
				GCC_WARN_UNUSED_FUNCTION = YES;
				GCC_WARN_UNUSED_VARIABLE = YES;
				IPHONEOS_DEPLOYMENT_TARGET = 16.0;
				MTL_ENABLE_DEBUG_INFO = NO;
				MTL_FAST_MATH = YES;
				SWIFT_COMPILATION_MODE = wholemodule;
				SWIFT_OPTIMIZATION_LEVEL = "-O";
			};
			name = Release;
		};
		231194BF2966D1ED00A0E639 /* Debug */ = {
			isa = XCBuildConfiguration;
			buildSettings = {
				ASSETCATALOG_COMPILER_APPICON_NAME = AppIcon;
				ASSETCATALOG_COMPILER_GLOBAL_ACCENT_COLOR_NAME = AccentColor;
				CODE_SIGN_ENTITLEMENTS = TechStore/TechStore.entitlements;
				CODE_SIGN_STYLE = Automatic;
				CURRENT_PROJECT_VERSION = 1;
				DEVELOPMENT_ASSET_PATHS = "\"TechStore/Preview Content\"";
				DEVELOPMENT_TEAM = G8RH83B4LT;
				ENABLE_HARDENED_RUNTIME = YES;
				ENABLE_PREVIEWS = YES;
				GENERATE_INFOPLIST_FILE = YES;
				INFOPLIST_KEY_LSApplicationCategoryType = "public.app-category.education";
				"INFOPLIST_KEY_UIApplicationSceneManifest_Generation[sdk=iphoneos*]" = YES;
				"INFOPLIST_KEY_UIApplicationSceneManifest_Generation[sdk=iphonesimulator*]" = YES;
				"INFOPLIST_KEY_UIApplicationSupportsIndirectInputEvents[sdk=iphoneos*]" = YES;
				"INFOPLIST_KEY_UIApplicationSupportsIndirectInputEvents[sdk=iphonesimulator*]" = YES;
				"INFOPLIST_KEY_UILaunchScreen_Generation[sdk=iphoneos*]" = YES;
				"INFOPLIST_KEY_UILaunchScreen_Generation[sdk=iphonesimulator*]" = YES;
				"INFOPLIST_KEY_UIStatusBarStyle[sdk=iphoneos*]" = UIStatusBarStyleDefault;
				"INFOPLIST_KEY_UIStatusBarStyle[sdk=iphonesimulator*]" = UIStatusBarStyleDefault;
				INFOPLIST_KEY_UISupportedInterfaceOrientations_iPad = "UIInterfaceOrientationPortrait UIInterfaceOrientationPortraitUpsideDown UIInterfaceOrientationLandscapeLeft UIInterfaceOrientationLandscapeRight";
				INFOPLIST_KEY_UISupportedInterfaceOrientations_iPhone = "UIInterfaceOrientationPortrait UIInterfaceOrientationLandscapeLeft UIInterfaceOrientationLandscapeRight";
				IPHONEOS_DEPLOYMENT_TARGET = 16.0;
				LD_RUNPATH_SEARCH_PATHS = "@executable_path/Frameworks";
				"LD_RUNPATH_SEARCH_PATHS[sdk=macosx*]" = "@executable_path/../Frameworks";
				MACOSX_DEPLOYMENT_TARGET = 12.3;
				MARKETING_VERSION = 1.0;
				PRODUCT_BUNDLE_IDENTIFIER = com.ryu.TechStore;
				PRODUCT_NAME = "$(TARGET_NAME)";
				SDKROOT = auto;
				SUPPORTED_PLATFORMS = "iphoneos iphonesimulator";
				SUPPORTS_MACCATALYST = NO;
				SUPPORTS_MAC_DESIGNED_FOR_IPHONE_IPAD = NO;
				SWIFT_EMIT_LOC_STRINGS = YES;
				SWIFT_VERSION = 5.0;
				TARGETED_DEVICE_FAMILY = "1,2";
			};
			name = Debug;
		};
		231194C02966D1ED00A0E639 /* Release */ = {
			isa = XCBuildConfiguration;
			buildSettings = {
				ASSETCATALOG_COMPILER_APPICON_NAME = AppIcon;
				ASSETCATALOG_COMPILER_GLOBAL_ACCENT_COLOR_NAME = AccentColor;
				CODE_SIGN_ENTITLEMENTS = TechStore/TechStore.entitlements;
				CODE_SIGN_STYLE = Automatic;
				CURRENT_PROJECT_VERSION = 1;
				DEVELOPMENT_ASSET_PATHS = "\"TechStore/Preview Content\"";
				DEVELOPMENT_TEAM = G8RH83B4LT;
				ENABLE_HARDENED_RUNTIME = YES;
				ENABLE_PREVIEWS = YES;
				GENERATE_INFOPLIST_FILE = YES;
				INFOPLIST_KEY_LSApplicationCategoryType = "public.app-category.education";
				"INFOPLIST_KEY_UIApplicationSceneManifest_Generation[sdk=iphoneos*]" = YES;
				"INFOPLIST_KEY_UIApplicationSceneManifest_Generation[sdk=iphonesimulator*]" = YES;
				"INFOPLIST_KEY_UIApplicationSupportsIndirectInputEvents[sdk=iphoneos*]" = YES;
				"INFOPLIST_KEY_UIApplicationSupportsIndirectInputEvents[sdk=iphonesimulator*]" = YES;
				"INFOPLIST_KEY_UILaunchScreen_Generation[sdk=iphoneos*]" = YES;
				"INFOPLIST_KEY_UILaunchScreen_Generation[sdk=iphonesimulator*]" = YES;
				"INFOPLIST_KEY_UIStatusBarStyle[sdk=iphoneos*]" = UIStatusBarStyleDefault;
				"INFOPLIST_KEY_UIStatusBarStyle[sdk=iphonesimulator*]" = UIStatusBarStyleDefault;
				INFOPLIST_KEY_UISupportedInterfaceOrientations_iPad = "UIInterfaceOrientationPortrait UIInterfaceOrientationPortraitUpsideDown UIInterfaceOrientationLandscapeLeft UIInterfaceOrientationLandscapeRight";
				INFOPLIST_KEY_UISupportedInterfaceOrientations_iPhone = "UIInterfaceOrientationPortrait UIInterfaceOrientationLandscapeLeft UIInterfaceOrientationLandscapeRight";
				IPHONEOS_DEPLOYMENT_TARGET = 16.0;
				LD_RUNPATH_SEARCH_PATHS = "@executable_path/Frameworks";
				"LD_RUNPATH_SEARCH_PATHS[sdk=macosx*]" = "@executable_path/../Frameworks";
				MACOSX_DEPLOYMENT_TARGET = 12.3;
				MARKETING_VERSION = 1.0;
				PRODUCT_BUNDLE_IDENTIFIER = com.ryu.TechStore;
				PRODUCT_NAME = "$(TARGET_NAME)";
				SDKROOT = auto;
				SUPPORTED_PLATFORMS = "iphoneos iphonesimulator";
				SUPPORTS_MACCATALYST = NO;
				SUPPORTS_MAC_DESIGNED_FOR_IPHONE_IPAD = NO;
				SWIFT_EMIT_LOC_STRINGS = YES;
				SWIFT_VERSION = 5.0;
				TARGETED_DEVICE_FAMILY = "1,2";
			};
			name = Release;
		};
		231194C22966D1ED00A0E639 /* Debug */ = {
			isa = XCBuildConfiguration;
			buildSettings = {
				ALWAYS_EMBED_SWIFT_STANDARD_LIBRARIES = YES;
				BUNDLE_LOADER = "$(TEST_HOST)";
				CODE_SIGN_STYLE = Automatic;
				CURRENT_PROJECT_VERSION = 1;
				DEVELOPMENT_TEAM = G8RH83B4LT;
				GENERATE_INFOPLIST_FILE = YES;
				IPHONEOS_DEPLOYMENT_TARGET = 16.0;
				MACOSX_DEPLOYMENT_TARGET = 12.3;
				MARKETING_VERSION = 1.0;
				PRODUCT_BUNDLE_IDENTIFIER = com.ryu.TechStoreTests;
				PRODUCT_NAME = "$(TARGET_NAME)";
				SDKROOT = auto;
				SUPPORTED_PLATFORMS = "iphoneos iphonesimulator macosx";
				SWIFT_EMIT_LOC_STRINGS = NO;
				SWIFT_VERSION = 5.0;
				TARGETED_DEVICE_FAMILY = "1,2";
				TEST_HOST = "$(BUILT_PRODUCTS_DIR)/TechStore.app/$(BUNDLE_EXECUTABLE_FOLDER_PATH)/TechStore";
			};
			name = Debug;
		};
		231194C32966D1ED00A0E639 /* Release */ = {
			isa = XCBuildConfiguration;
			buildSettings = {
				ALWAYS_EMBED_SWIFT_STANDARD_LIBRARIES = YES;
				BUNDLE_LOADER = "$(TEST_HOST)";
				CODE_SIGN_STYLE = Automatic;
				CURRENT_PROJECT_VERSION = 1;
				DEVELOPMENT_TEAM = G8RH83B4LT;
				GENERATE_INFOPLIST_FILE = YES;
				IPHONEOS_DEPLOYMENT_TARGET = 16.0;
				MACOSX_DEPLOYMENT_TARGET = 12.3;
				MARKETING_VERSION = 1.0;
				PRODUCT_BUNDLE_IDENTIFIER = com.ryu.TechStoreTests;
				PRODUCT_NAME = "$(TARGET_NAME)";
				SDKROOT = auto;
				SUPPORTED_PLATFORMS = "iphoneos iphonesimulator macosx";
				SWIFT_EMIT_LOC_STRINGS = NO;
				SWIFT_VERSION = 5.0;
				TARGETED_DEVICE_FAMILY = "1,2";
				TEST_HOST = "$(BUILT_PRODUCTS_DIR)/TechStore.app/$(BUNDLE_EXECUTABLE_FOLDER_PATH)/TechStore";
			};
			name = Release;
		};
		231194C52966D1ED00A0E639 /* Debug */ = {
			isa = XCBuildConfiguration;
			buildSettings = {
				ALWAYS_EMBED_SWIFT_STANDARD_LIBRARIES = YES;
				CODE_SIGN_STYLE = Automatic;
				CURRENT_PROJECT_VERSION = 1;
				DEVELOPMENT_TEAM = G8RH83B4LT;
				GENERATE_INFOPLIST_FILE = YES;
				IPHONEOS_DEPLOYMENT_TARGET = 16.0;
				MACOSX_DEPLOYMENT_TARGET = 12.3;
				MARKETING_VERSION = 1.0;
				PRODUCT_BUNDLE_IDENTIFIER = com.ryu.TechStoreUITests;
				PRODUCT_NAME = "$(TARGET_NAME)";
				SDKROOT = auto;
				SUPPORTED_PLATFORMS = "iphoneos iphonesimulator macosx";
				SWIFT_EMIT_LOC_STRINGS = NO;
				SWIFT_VERSION = 5.0;
				TARGETED_DEVICE_FAMILY = "1,2";
				TEST_TARGET_NAME = TechStore;
			};
			name = Debug;
		};
		231194C62966D1ED00A0E639 /* Release */ = {
			isa = XCBuildConfiguration;
			buildSettings = {
				ALWAYS_EMBED_SWIFT_STANDARD_LIBRARIES = YES;
				CODE_SIGN_STYLE = Automatic;
				CURRENT_PROJECT_VERSION = 1;
				DEVELOPMENT_TEAM = G8RH83B4LT;
				GENERATE_INFOPLIST_FILE = YES;
				IPHONEOS_DEPLOYMENT_TARGET = 16.0;
				MACOSX_DEPLOYMENT_TARGET = 12.3;
				MARKETING_VERSION = 1.0;
				PRODUCT_BUNDLE_IDENTIFIER = com.ryu.TechStoreUITests;
				PRODUCT_NAME = "$(TARGET_NAME)";
				SDKROOT = auto;
				SUPPORTED_PLATFORMS = "iphoneos iphonesimulator macosx";
				SWIFT_EMIT_LOC_STRINGS = NO;
				SWIFT_VERSION = 5.0;
				TARGETED_DEVICE_FAMILY = "1,2";
				TEST_TARGET_NAME = TechStore;
			};
			name = Release;
		};
/* End XCBuildConfiguration section */

/* Begin XCConfigurationList section */
		231194942966D1E700A0E639 /* Build configuration list for PBXProject "TechStore" */ = {
			isa = XCConfigurationList;
			buildConfigurations = (
				231194BC2966D1ED00A0E639 /* Debug */,
				231194BD2966D1ED00A0E639 /* Release */,
			);
			defaultConfigurationIsVisible = 0;
			defaultConfigurationName = Release;
		};
		231194BE2966D1ED00A0E639 /* Build configuration list for PBXNativeTarget "TechStore" */ = {
			isa = XCConfigurationList;
			buildConfigurations = (
				231194BF2966D1ED00A0E639 /* Debug */,
				231194C02966D1ED00A0E639 /* Release */,
			);
			defaultConfigurationIsVisible = 0;
			defaultConfigurationName = Release;
		};
		231194C12966D1ED00A0E639 /* Build configuration list for PBXNativeTarget "TechStoreTests" */ = {
			isa = XCConfigurationList;
			buildConfigurations = (
				231194C22966D1ED00A0E639 /* Debug */,
				231194C32966D1ED00A0E639 /* Release */,
			);
			defaultConfigurationIsVisible = 0;
			defaultConfigurationName = Release;
		};
		231194C42966D1ED00A0E639 /* Build configuration list for PBXNativeTarget "TechStoreUITests" */ = {
			isa = XCConfigurationList;
			buildConfigurations = (
				231194C52966D1ED00A0E639 /* Debug */,
				231194C62966D1ED00A0E639 /* Release */,
			);
			defaultConfigurationIsVisible = 0;
			defaultConfigurationName = Release;
		};
/* End XCConfigurationList section */

/* Begin XCRemoteSwiftPackageReference section */
		231194D32966DAAD00A0E639 /* XCRemoteSwiftPackageReference "swift-composable-architecture" */ = {
			isa = XCRemoteSwiftPackageReference;
			repositoryURL = "https://github.com/pointfreeco/swift-composable-architecture";
			requirement = {
				kind = exactVersion;
				version = 0.47.2;
			};
		};
		3E0B17C2296ACB180044249B /* XCRemoteSwiftPackageReference "Nuke" */ = {
			isa = XCRemoteSwiftPackageReference;
			repositoryURL = "https://github.com/kean/Nuke";
			requirement = {
				kind = upToNextMajorVersion;
				minimumVersion = 9.0.0;
			};
		};
/* End XCRemoteSwiftPackageReference section */

/* Begin XCSwiftPackageProductDependency section */
		231194CD2966D88B00A0E639 /* Domain */ = {
			isa = XCSwiftPackageProductDependency;
			productName = Domain;
		};
		231194CF2966D88F00A0E639 /* Infrastructure */ = {
			isa = XCSwiftPackageProductDependency;
			productName = Infrastructure;
		};
		231194D12966D89300A0E639 /* Presentation */ = {
			isa = XCSwiftPackageProductDependency;
			productName = Presentation;
		};
		231194D42966DAAD00A0E639 /* ComposableArchitecture */ = {
			isa = XCSwiftPackageProductDependency;
			package = 231194D32966DAAD00A0E639 /* XCRemoteSwiftPackageReference "swift-composable-architecture" */;
			productName = ComposableArchitecture;
		};
		231194D62966DAAD00A0E639 /* Dependencies */ = {
			isa = XCSwiftPackageProductDependency;
			package = 231194D32966DAAD00A0E639 /* XCRemoteSwiftPackageReference "swift-composable-architecture" */;
			productName = Dependencies;
		};
		3E0B17C3296ACB190044249B /* Nuke */ = {
			isa = XCSwiftPackageProductDependency;
			package = 3E0B17C2296ACB180044249B /* XCRemoteSwiftPackageReference "Nuke" */;
			productName = Nuke;
		};
/* End XCSwiftPackageProductDependency section */
	};
	rootObject = 231194912966D1E700A0E639 /* Project object */;
}
